
Microsoft Visual Studio Solution File, Format Version 12.00
# Visual Studio 14
VisualStudioVersion = 14.0.25420.1
MinimumVisualStudioVersion = 10.0.40219.1
Project("{FAE04EC0-301F-11D3-BF4B-00C04F79EFBC}") = "Tibox.Models", "Models\Tibox.Models.csproj", "{76D2C39B-04A7-4297-8978-1D8ECBD8CA67}"
EndProject
Project("{FAE04EC0-301F-11D3-BF4B-00C04F79EFBC}") = "Tibox.Repository", "Tibox.Repository\Tibox.Repository.csproj", "{6FFB353E-3E31-4382-B2B5-574198E8011C}"
EndProject
Project("{2150E333-8FDC-42A3-9474-1A3956D46DE8}") = "Unit Test", "Unit Test", "{F2AA57BC-FECD-4A12-869B-A717957A1527}"
EndProject
Project("{FAE04EC0-301F-11D3-BF4B-00C04F79EFBC}") = "Tibox.DataAccess.Tests", "Tibox.Repository.Tests\Tibox.DataAccess.Tests.csproj", "{9BA60CA1-0CBB-4DB0-AA81-99D322C9AF26}"
EndProject
Project("{FAE04EC0-301F-11D3-BF4B-00C04F79EFBC}") = "Tibox.UnitOfWork", "Tibox.UnitOfWork\Tibox.UnitOfWork.csproj", "{999C3AA3-738F-4E7F-A207-61F4BFC4F7B1}"
EndProject
Global
	GlobalSection(SolutionConfigurationPlatforms) = preSolution
		Debug|Any CPU = Debug|Any CPU
		Release|Any CPU = Release|Any CPU
	EndGlobalSection
	GlobalSection(ProjectConfigurationPlatforms) = postSolution
		{76D2C39B-04A7-4297-8978-1D8ECBD8CA67}.Debug|Any CPU.ActiveCfg = Debug|Any CPU
		{76D2C39B-04A7-4297-8978-1D8ECBD8CA67}.Debug|Any CPU.Build.0 = Debug|Any CPU
		{76D2C39B-04A7-4297-8978-1D8ECBD8CA67}.Release|Any CPU.ActiveCfg = Release|Any CPU
		{76D2C39B-04A7-4297-8978-1D8ECBD8CA67}.Release|Any CPU.Build.0 = Release|Any CPU
		{6FFB353E-3E31-4382-B2B5-574198E8011C}.Debug|Any CPU.ActiveCfg = Debug|Any CPU
		{6FFB353E-3E31-4382-B2B5-574198E8011C}.Debug|Any CPU.Build.0 = Debug|Any CPU
		{6FFB353E-3E31-4382-B2B5-574198E8011C}.Release|Any CPU.ActiveCfg = Release|Any CPU
		{6FFB353E-3E31-4382-B2B5-574198E8011C}.Release|Any CPU.Build.0 = Release|Any CPU
		{9BA60CA1-0CBB-4DB0-AA81-99D322C9AF26}.Debug|Any CPU.ActiveCfg = Debug|Any CPU
		{9BA60CA1-0CBB-4DB0-AA81-99D322C9AF26}.Debug|Any CPU.Build.0 = Debug|Any CPU
		{9BA60CA1-0CBB-4DB0-AA81-99D322C9AF26}.Release|Any CPU.ActiveCfg = Release|Any CPU
		{9BA60CA1-0CBB-4DB0-AA81-99D322C9AF26}.Release|Any CPU.Build.0 = Release|Any CPU
		{999C3AA3-738F-4E7F-A207-61F4BFC4F7B1}.Debug|Any CPU.ActiveCfg = Debug|Any CPU
		{999C3AA3-738F-4E7F-A207-61F4BFC4F7B1}.Debug|Any CPU.Build.0 = Debug|Any CPU
		{999C3AA3-738F-4E7F-A207-61F4BFC4F7B1}.Release|Any CPU.ActiveCfg = Release|Any CPU
		{999C3AA3-738F-4E7F-A207-61F4BFC4F7B1}.Release|Any CPU.Build.0 = Release|Any CPU
	EndGlobalSection
	GlobalSection(SolutionProperties) = preSolution
		HideSolutionNode = FALSE
	EndGlobalSection
	GlobalSection(NestedProjects) = preSolution
		{9BA60CA1-0CBB-4DB0-AA81-99D322C9AF26} = {F2AA57BC-FECD-4A12-869B-A717957A1527}
	EndGlobalSection
EndGlobal
